
Microsoft Visual Studio Solution File, Format Version 12.00
# Visual Studio Version 17
VisualStudioVersion = 17.8.34316.72
MinimumVisualStudioVersion = 10.0.40219.1
Project("{9A19103F-16F7-4668-BE54-9A1E7A4F7556}") = "DockerMiniminalApis", "DockerMiniminalApis\DockerMiniminalApis.csproj", "{41F61C7A-4179-4AB0-8AC7-9AB737164277}"
EndProject
Project("{E53339B2-1760-4266-BCC7-CA923CBCF16C}") = "docker-compose", "docker-compose.dcproj", "{9C21055A-123B-41B2-875A-36E8FDB48557}"
EndProject
Global
	GlobalSection(SolutionConfigurationPlatforms) = preSolution
		Debug|Any CPU = Debug|Any CPU
		Release|Any CPU = Release|Any CPU
	EndGlobalSection
	GlobalSection(ProjectConfigurationPlatforms) = postSolution
		{41F61C7A-4179-4AB0-8AC7-9AB737164277}.Debug|Any CPU.ActiveCfg = Debug|Any CPU
		{41F61C7A-4179-4AB0-8AC7-9AB737164277}.Debug|Any CPU.Build.0 = Debug|Any CPU
		{41F61C7A-4179-4AB0-8AC7-9AB737164277}.Release|Any CPU.ActiveCfg = Release|Any CPU
		{41F61C7A-4179-4AB0-8AC7-9AB737164277}.Release|Any CPU.Build.0 = Release|Any CPU
		{9C21055A-123B-41B2-875A-36E8FDB48557}.Debug|Any CPU.ActiveCfg = Debug|Any CPU
		{9C21055A-123B-41B2-875A-36E8FDB48557}.Debug|Any CPU.Build.0 = Debug|Any CPU
		{9C21055A-123B-41B2-875A-36E8FDB48557}.Release|Any CPU.ActiveCfg = Release|Any CPU
		{9C21055A-123B-41B2-875A-36E8FDB48557}.Release|Any CPU.Build.0 = Release|Any CPU
	EndGlobalSection
	GlobalSection(SolutionProperties) = preSolution
		HideSolutionNode = FALSE
	EndGlobalSection
	GlobalSection(ExtensibilityGlobals) = postSolution
		SolutionGuid = {FCC6471F-155C-46E7-8060-FC8D7043D7AF}
	EndGlobalSection
EndGlobal
